
Microsoft Visual Studio Solution File, Format Version 12.00
# Visual Studio Version 17
VisualStudioVersion = 17.9.34728.123
MinimumVisualStudioVersion = 10.0.40219.1
Project("{FAE04EC0-301F-11D3-BF4B-00C04F79EFBC}") = "ProjectSol", "ProjectSol\ProjectSol.csproj", "{FC588158-C61A-498D-8724-252421F172EE}"
EndProject
Global
	GlobalSection(SolutionConfigurationPlatforms) = preSolution
		Debug|Any CPU = Debug|Any CPU
		Release|Any CPU = Release|Any CPU
	EndGlobalSection
	GlobalSection(ProjectConfigurationPlatforms) = postSolution
		{FC588158-C61A-498D-8724-252421F172EE}.Debug|Any CPU.ActiveCfg = Debug|Any CPU
		{FC588158-C61A-498D-8724-252421F172EE}.Debug|Any CPU.Build.0 = Debug|Any CPU
		{FC588158-C61A-498D-8724-252421F172EE}.Release|Any CPU.ActiveCfg = Release|Any CPU
		{FC588158-C61A-498D-8724-252421F172EE}.Release|Any CPU.Build.0 = Release|Any CPU
	EndGlobalSection
	GlobalSection(SolutionProperties) = preSolution
		HideSolutionNode = FALSE
	EndGlobalSection
	GlobalSection(ExtensibilityGlobals) = postSolution
		SolutionGuid = {ED15D936-F832-4C10-9439-AADB873E1A68}
	EndGlobalSection
EndGlobal
